
Microsoft Visual Studio Solution File, Format Version 12.00
# Visual Studio Version 16
VisualStudioVersion = 16.0.31702.278
MinimumVisualStudioVersion = 10.0.40219.1
Project("{FAE04EC0-301F-11D3-BF4B-00C04F79EFBC}") = "CardsShop", "CardsShop\CardsShop.csproj", "{F7DE003A-523D-436F-8989-1353F68B385B}"
EndProject
Global
	GlobalSection(SolutionConfigurationPlatforms) = preSolution
		Debug|Any CPU = Debug|Any CPU
		Release|Any CPU = Release|Any CPU
	EndGlobalSection
	GlobalSection(ProjectConfigurationPlatforms) = postSolution
		{F7DE003A-523D-436F-8989-1353F68B385B}.Debug|Any CPU.ActiveCfg = Debug|Any CPU
		{F7DE003A-523D-436F-8989-1353F68B385B}.Debug|Any CPU.Build.0 = Debug|Any CPU
		{F7DE003A-523D-436F-8989-1353F68B385B}.Release|Any CPU.ActiveCfg = Release|Any CPU
		{F7DE003A-523D-436F-8989-1353F68B385B}.Release|Any CPU.Build.0 = Release|Any CPU
	EndGlobalSection
	GlobalSection(SolutionProperties) = preSolution
		HideSolutionNode = FALSE
	EndGlobalSection
	GlobalSection(ExtensibilityGlobals) = postSolution
		SolutionGuid = {C2EF00D0-F1E7-4ACB-A00E-59E8920F0FAA}
	EndGlobalSection
EndGlobal
